
Microsoft Visual Studio Solution File, Format Version 12.00
# Visual Studio Version 16
VisualStudioVersion = 16.0.30128.74
MinimumVisualStudioVersion = 10.0.40219.1
Project("{FAE04EC0-301F-11D3-BF4B-00C04F79EFBC}") = "Poly1305ChaCha20.NetCore", "Poly1305ChaCha20.NetCore\Poly1305ChaCha20.NetCore.csproj", "{7033BD61-477E-42EB-9008-02AB91330506}"
EndProject
Project("{FAE04EC0-301F-11D3-BF4B-00C04F79EFBC}") = "Poly1305ChaCha20.NetCore.Examples", "Poly1305ChaCha20.NetCore.Examples\Poly1305ChaCha20.NetCore.Examples.csproj", "{C11FAFB6-084F-479B-9A32-BDA7A7524CCC}"
EndProject
Global
	GlobalSection(SolutionConfigurationPlatforms) = preSolution
		Debug|Any CPU = Debug|Any CPU
		Release|Any CPU = Release|Any CPU
	EndGlobalSection
	GlobalSection(ProjectConfigurationPlatforms) = postSolution
		{7033BD61-477E-42EB-9008-02AB91330506}.Debug|Any CPU.ActiveCfg = Debug|Any CPU
		{7033BD61-477E-42EB-9008-02AB91330506}.Debug|Any CPU.Build.0 = Debug|Any CPU
		{7033BD61-477E-42EB-9008-02AB91330506}.Release|Any CPU.ActiveCfg = Release|Any CPU
		{7033BD61-477E-42EB-9008-02AB91330506}.Release|Any CPU.Build.0 = Release|Any CPU
		{C11FAFB6-084F-479B-9A32-BDA7A7524CCC}.Debug|Any CPU.ActiveCfg = Debug|Any CPU
		{C11FAFB6-084F-479B-9A32-BDA7A7524CCC}.Debug|Any CPU.Build.0 = Debug|Any CPU
		{C11FAFB6-084F-479B-9A32-BDA7A7524CCC}.Release|Any CPU.ActiveCfg = Release|Any CPU
		{C11FAFB6-084F-479B-9A32-BDA7A7524CCC}.Release|Any CPU.Build.0 = Release|Any CPU
	EndGlobalSection
	GlobalSection(SolutionProperties) = preSolution
		HideSolutionNode = FALSE
	EndGlobalSection
	GlobalSection(ExtensibilityGlobals) = postSolution
		SolutionGuid = {834B7980-5358-4285-B928-2C980825DDA8}
	EndGlobalSection
EndGlobal
